
Microsoft Visual Studio Solution File, Format Version 12.00
# Visual Studio Version 17
VisualStudioVersion = 17.3.32811.315
MinimumVisualStudioVersion = 10.0.40219.1
Project("{2150E333-8FDC-42A3-9474-1A3956D46DE8}") = "PO", "PO", "{73097AD4-D376-4987-8E63-CEF7F6F298E4}"
EndProject
Project("{FAE04EC0-301F-11D3-BF4B-00C04F79EFBC}") = "iNUPCO.PO", "PO\iNUPCO.PO\iNUPCO.PO.csproj", "{6A025F61-C03E-4670-8E70-BA43D16022E2}"
EndProject
Project("{FAE04EC0-301F-11D3-BF4B-00C04F79EFBC}") = "iNUPCO.PO.Data", "PO\iNUPCO.PO.Data\iNUPCO.PO.Data.csproj", "{759BC2DB-0113-4E6E-9E24-B4B63917B8E5}"
EndProject
Project("{FAE04EC0-301F-11D3-BF4B-00C04F79EFBC}") = "iNUPCO.PO.Service", "PO\iNUPCO.PO.Service\iNUPCO.PO.Service.csproj", "{D7657F1A-4504-4973-BB58-F57FBC199D0D}"
EndProject
Project("{FAE04EC0-301F-11D3-BF4B-00C04F79EFBC}") = "iNUPCO.PO.Repo", "PO\iNUPCO.PO.Repo\iNUPCO.PO.Repo.csproj", "{1EF86487-2C99-4486-B508-272E80E13723}"
EndProject
Project("{FAE04EC0-301F-11D3-BF4B-00C04F79EFBC}") = "iNUPCO.PO.DTOs", "PO\iNUPCO.PO.DTOs\iNUPCO.PO.DTOs.csproj", "{63EBFC4C-702C-4856-A9E9-9536C26381B3}"
EndProject
Project("{E53339B2-1760-4266-BCC7-CA923CBCF16C}") = "docker-compose", "docker-compose.dcproj", "{F250B7CE-1ED9-4180-B055-AA4E45EAD375}"
EndProject
Global
	GlobalSection(SolutionConfigurationPlatforms) = preSolution
		Debug|Any CPU = Debug|Any CPU
		Release|Any CPU = Release|Any CPU
	EndGlobalSection
	GlobalSection(ProjectConfigurationPlatforms) = postSolution
		{6A025F61-C03E-4670-8E70-BA43D16022E2}.Debug|Any CPU.ActiveCfg = Debug|Any CPU
		{6A025F61-C03E-4670-8E70-BA43D16022E2}.Debug|Any CPU.Build.0 = Debug|Any CPU
		{6A025F61-C03E-4670-8E70-BA43D16022E2}.Release|Any CPU.ActiveCfg = Release|Any CPU
		{6A025F61-C03E-4670-8E70-BA43D16022E2}.Release|Any CPU.Build.0 = Release|Any CPU
		{759BC2DB-0113-4E6E-9E24-B4B63917B8E5}.Debug|Any CPU.ActiveCfg = Debug|Any CPU
		{759BC2DB-0113-4E6E-9E24-B4B63917B8E5}.Debug|Any CPU.Build.0 = Debug|Any CPU
		{759BC2DB-0113-4E6E-9E24-B4B63917B8E5}.Release|Any CPU.ActiveCfg = Release|Any CPU
		{759BC2DB-0113-4E6E-9E24-B4B63917B8E5}.Release|Any CPU.Build.0 = Release|Any CPU
		{D7657F1A-4504-4973-BB58-F57FBC199D0D}.Debug|Any CPU.ActiveCfg = Debug|Any CPU
		{D7657F1A-4504-4973-BB58-F57FBC199D0D}.Debug|Any CPU.Build.0 = Debug|Any CPU
		{D7657F1A-4504-4973-BB58-F57FBC199D0D}.Release|Any CPU.ActiveCfg = Release|Any CPU
		{D7657F1A-4504-4973-BB58-F57FBC199D0D}.Release|Any CPU.Build.0 = Release|Any CPU
		{1EF86487-2C99-4486-B508-272E80E13723}.Debug|Any CPU.ActiveCfg = Debug|Any CPU
		{1EF86487-2C99-4486-B508-272E80E13723}.Debug|Any CPU.Build.0 = Debug|Any CPU
		{1EF86487-2C99-4486-B508-272E80E13723}.Release|Any CPU.ActiveCfg = Release|Any CPU
		{1EF86487-2C99-4486-B508-272E80E13723}.Release|Any CPU.Build.0 = Release|Any CPU
		{63EBFC4C-702C-4856-A9E9-9536C26381B3}.Debug|Any CPU.ActiveCfg = Debug|Any CPU
		{63EBFC4C-702C-4856-A9E9-9536C26381B3}.Debug|Any CPU.Build.0 = Debug|Any CPU
		{63EBFC4C-702C-4856-A9E9-9536C26381B3}.Release|Any CPU.ActiveCfg = Release|Any CPU
		{63EBFC4C-702C-4856-A9E9-9536C26381B3}.Release|Any CPU.Build.0 = Release|Any CPU
		{F250B7CE-1ED9-4180-B055-AA4E45EAD375}.Debug|Any CPU.ActiveCfg = Debug|Any CPU
		{F250B7CE-1ED9-4180-B055-AA4E45EAD375}.Debug|Any CPU.Build.0 = Debug|Any CPU
		{F250B7CE-1ED9-4180-B055-AA4E45EAD375}.Release|Any CPU.ActiveCfg = Release|Any CPU
		{F250B7CE-1ED9-4180-B055-AA4E45EAD375}.Release|Any CPU.Build.0 = Release|Any CPU
	EndGlobalSection
	GlobalSection(SolutionProperties) = preSolution
		HideSolutionNode = FALSE
	EndGlobalSection
	GlobalSection(NestedProjects) = preSolution
		{6A025F61-C03E-4670-8E70-BA43D16022E2} = {73097AD4-D376-4987-8E63-CEF7F6F298E4}
		{759BC2DB-0113-4E6E-9E24-B4B63917B8E5} = {73097AD4-D376-4987-8E63-CEF7F6F298E4}
		{D7657F1A-4504-4973-BB58-F57FBC199D0D} = {73097AD4-D376-4987-8E63-CEF7F6F298E4}
		{1EF86487-2C99-4486-B508-272E80E13723} = {73097AD4-D376-4987-8E63-CEF7F6F298E4}
		{63EBFC4C-702C-4856-A9E9-9536C26381B3} = {73097AD4-D376-4987-8E63-CEF7F6F298E4}
		{F250B7CE-1ED9-4180-B055-AA4E45EAD375} = {73097AD4-D376-4987-8E63-CEF7F6F298E4}
	EndGlobalSection
	GlobalSection(ExtensibilityGlobals) = postSolution
		SolutionGuid = {7092AA0E-E459-495F-88DC-7C4FC53B4707}
	EndGlobalSection
EndGlobal
